
Microsoft Visual Studio Solution File, Format Version 12.00
# Visual Studio 15
VisualStudioVersion = 15.0.26730.10
MinimumVisualStudioVersion = 10.0.40219.1
Project("{FAE04EC0-301F-11D3-BF4B-00C04F79EFBC}") = "KML Converter", "KML Converter\KML Converter.csproj", "{BE7BE539-DC59-4EBC-ADC9-F64D2C92AC48}"
EndProject
Project("{8BC9CEB8-8B4A-11D0-8D11-00A0C91BC942}") = "XML_Project", "..\..\Project1\Project1\Project1.vcxproj", "{5DA546B2-797F-4CFA-B486-FEAD4469700B}"
EndProject
Global
	GlobalSection(SolutionConfigurationPlatforms) = preSolution
		Debug|Any CPU = Debug|Any CPU
		Debug|x64 = Debug|x64
		Debug|x86 = Debug|x86
		Release|Any CPU = Release|Any CPU
		Release|x64 = Release|x64
		Release|x86 = Release|x86
	EndGlobalSection
	GlobalSection(ProjectConfigurationPlatforms) = postSolution
		{BE7BE539-DC59-4EBC-ADC9-F64D2C92AC48}.Debug|Any CPU.ActiveCfg = Debug|Any CPU
		{BE7BE539-DC59-4EBC-ADC9-F64D2C92AC48}.Debug|Any CPU.Build.0 = Debug|Any CPU
		{BE7BE539-DC59-4EBC-ADC9-F64D2C92AC48}.Debug|x64.ActiveCfg = Debug|Any CPU
		{BE7BE539-DC59-4EBC-ADC9-F64D2C92AC48}.Debug|x64.Build.0 = Debug|Any CPU
		{BE7BE539-DC59-4EBC-ADC9-F64D2C92AC48}.Debug|x86.ActiveCfg = Debug|Any CPU
		{BE7BE539-DC59-4EBC-ADC9-F64D2C92AC48}.Debug|x86.Build.0 = Debug|Any CPU
		{BE7BE539-DC59-4EBC-ADC9-F64D2C92AC48}.Release|Any CPU.ActiveCfg = Release|Any CPU
		{BE7BE539-DC59-4EBC-ADC9-F64D2C92AC48}.Release|Any CPU.Build.0 = Release|Any CPU
		{BE7BE539-DC59-4EBC-ADC9-F64D2C92AC48}.Release|x64.ActiveCfg = Release|Any CPU
		{BE7BE539-DC59-4EBC-ADC9-F64D2C92AC48}.Release|x64.Build.0 = Release|Any CPU
		{BE7BE539-DC59-4EBC-ADC9-F64D2C92AC48}.Release|x86.ActiveCfg = Release|Any CPU
		{BE7BE539-DC59-4EBC-ADC9-F64D2C92AC48}.Release|x86.Build.0 = Release|Any CPU
		{5DA546B2-797F-4CFA-B486-FEAD4469700B}.Debug|Any CPU.ActiveCfg = Debug|Win32
		{5DA546B2-797F-4CFA-B486-FEAD4469700B}.Debug|x64.ActiveCfg = Debug|x64
		{5DA546B2-797F-4CFA-B486-FEAD4469700B}.Debug|x64.Build.0 = Debug|x64
		{5DA546B2-797F-4CFA-B486-FEAD4469700B}.Debug|x86.ActiveCfg = Debug|Win32
		{5DA546B2-797F-4CFA-B486-FEAD4469700B}.Debug|x86.Build.0 = Debug|Win32
		{5DA546B2-797F-4CFA-B486-FEAD4469700B}.Release|Any CPU.ActiveCfg = Release|Win32
		{5DA546B2-797F-4CFA-B486-FEAD4469700B}.Release|x64.ActiveCfg = Release|x64
		{5DA546B2-797F-4CFA-B486-FEAD4469700B}.Release|x64.Build.0 = Release|x64
		{5DA546B2-797F-4CFA-B486-FEAD4469700B}.Release|x86.ActiveCfg = Release|Win32
		{5DA546B2-797F-4CFA-B486-FEAD4469700B}.Release|x86.Build.0 = Release|Win32
	EndGlobalSection
	GlobalSection(SolutionProperties) = preSolution
		HideSolutionNode = FALSE
	EndGlobalSection
	GlobalSection(ExtensibilityGlobals) = postSolution
		SolutionGuid = {18BCE444-FD6D-4422-8A8B-B78B97A42B40}
	EndGlobalSection
EndGlobal
